Microsoft Visual Studio Solution File, Format Version 8.00
Project("{8BC9CEB8-8B4A-11D0-8D11-00A0C91BC942}") = "dae", "dae.vcproj", "{B70CBA1A-414C-4872-8DAF-31934BCAB568}"
	ProjectSection(ProjectDependencies) = postProject
		{EEAD895E-87CF-4A0A-AAC6-951D96977E2C} = {EEAD895E-87CF-4A0A-AAC6-951D96977E2C}
	EndProjectSection
EndProject
Project("{8BC9CEB8-8B4A-11D0-8D11-00A0C91BC942}") = "dom1.4", "dom1.4.vcproj", "{EEAD895E-87CF-4A0A-AAC6-951D96977E2C}"
	ProjectSection(ProjectDependencies) = postProject
	EndProjectSection
EndProject
Project("{8BC9CEB8-8B4A-11D0-8D11-00A0C91BC942}") = "integrationFull1.4", "integrationFull1.4.vcproj", "{F5144CB1-FE53-43EC-A6F7-C63E5127F69B}"
	ProjectSection(ProjectDependencies) = postProject
	EndProjectSection
EndProject
Project("{8BC9CEB8-8B4A-11D0-8D11-00A0C91BC942}") = "integrationSimple1.4", "integrationSimple1.4.vcproj", "{CB72404A-F2AC-417D-833F-F6E716680ACD}"
	ProjectSection(ProjectDependencies) = postProject
	EndProjectSection
EndProject
Global
	GlobalSection(SolutionConfiguration) = preSolution
		Debug DLL = Debug DLL
		Debug(1.4) = Debug(1.4)
		Release DLL = Release DLL
		Release(1.4) = Release(1.4)
	EndGlobalSection
	GlobalSection(ProjectConfiguration) = postSolution
		{B70CBA1A-414C-4872-8DAF-31934BCAB568}.Debug DLL.ActiveCfg = Debug DLL|Win32
		{B70CBA1A-414C-4872-8DAF-31934BCAB568}.Debug DLL.Build.0 = Debug DLL|Win32
		{B70CBA1A-414C-4872-8DAF-31934BCAB568}.Debug(1.4).ActiveCfg = Debug(1.4)|Win32
		{B70CBA1A-414C-4872-8DAF-31934BCAB568}.Debug(1.4).Build.0 = Debug(1.4)|Win32
		{B70CBA1A-414C-4872-8DAF-31934BCAB568}.Release DLL.ActiveCfg = Release DLL|Win32
		{B70CBA1A-414C-4872-8DAF-31934BCAB568}.Release DLL.Build.0 = Release DLL|Win32
		{B70CBA1A-414C-4872-8DAF-31934BCAB568}.Release(1.4).ActiveCfg = Release(1.4)|Win32
		{B70CBA1A-414C-4872-8DAF-31934BCAB568}.Release(1.4).Build.0 = Release(1.4)|Win32
		{EEAD895E-87CF-4A0A-AAC6-951D96977E2C}.Debug DLL.ActiveCfg = Debug DLL|Win32
		{EEAD895E-87CF-4A0A-AAC6-951D96977E2C}.Debug DLL.Build.0 = Debug DLL|Win32
		{EEAD895E-87CF-4A0A-AAC6-951D96977E2C}.Debug(1.4).ActiveCfg = Debug(1.4)|Win32
		{EEAD895E-87CF-4A0A-AAC6-951D96977E2C}.Debug(1.4).Build.0 = Debug(1.4)|Win32
		{EEAD895E-87CF-4A0A-AAC6-951D96977E2C}.Release DLL.ActiveCfg = Release DLL|Win32
		{EEAD895E-87CF-4A0A-AAC6-951D96977E2C}.Release DLL.Build.0 = Release DLL|Win32
		{EEAD895E-87CF-4A0A-AAC6-951D96977E2C}.Release(1.4).ActiveCfg = Release(1.4)|Win32
		{EEAD895E-87CF-4A0A-AAC6-951D96977E2C}.Release(1.4).Build.0 = Release(1.4)|Win32
		{F5144CB1-FE53-43EC-A6F7-C63E5127F69B}.Debug DLL.ActiveCfg = Debug(1.4)|Win32
		{F5144CB1-FE53-43EC-A6F7-C63E5127F69B}.Debug(1.4).ActiveCfg = Debug(1.4)|Win32
		{F5144CB1-FE53-43EC-A6F7-C63E5127F69B}.Release DLL.ActiveCfg = Release(1.4)|Win32
		{F5144CB1-FE53-43EC-A6F7-C63E5127F69B}.Release(1.4).ActiveCfg = Release(1.4)|Win32
		{CB72404A-F2AC-417D-833F-F6E716680ACD}.Debug DLL.ActiveCfg = Debug(1.4)|Win32
		{CB72404A-F2AC-417D-833F-F6E716680ACD}.Debug(1.4).ActiveCfg = Debug(1.4)|Win32
		{CB72404A-F2AC-417D-833F-F6E716680ACD}.Release DLL.ActiveCfg = Release(1.4)|Win32
		{CB72404A-F2AC-417D-833F-F6E716680ACD}.Release(1.4).ActiveCfg = Release(1.4)|Win32
	EndGlobalSection
	GlobalSection(ExtensibilityGlobals) = postSolution
	EndGlobalSection
	GlobalSection(ExtensibilityAddIns) = postSolution
	EndGlobalSection
EndGlobal
